<?xml version="1.0" encoding="UTF-8"?>
<Scheme
   LastUpgradeVersion = "1610"
   version = "1.7">
   <BuildAction
      parallelizeBuildables = "YES"
      buildImplicitDependencies = "YES"
      buildArchitectures = "Automatic">
      <BuildActionEntries>
         <BuildActionEntry
            buildForTesting = "YES"
            buildForRunning = "YES"
            buildForProfiling = "YES"
            buildForArchiving = "YES"
            buildForAnalyzing = "YES">
            <BuildableReference
               BuildableIdentifier = "primary"
               BlueprintIdentifier = "83D362682CACC48D002E909A"
               BuildableName = "igbTool"
               BlueprintName = "wigbCLITool"
               ReferencedContainer = "container:wigbCLITool.xcodeproj">
            </BuildableReference>
         </BuildActionEntry>
      </BuildActionEntries>
   </BuildAction>
   <TestAction
      buildConfiguration = "Debug"
      selectedDebuggerIdentifier = "Xcode.DebuggerFoundation.Debugger.LLDB"
      selectedLauncherIdentifier = "Xcode.DebuggerFoundation.Launcher.LLDB"
      shouldUseLaunchSchemeArgsEnv = "YES"
      shouldAutocreateTestPlan = "YES">
   </TestAction>
   <LaunchAction
      buildConfiguration = "Debug"
      selectedDebuggerIdentifier = "Xcode.DebuggerFoundation.Debugger.LLDB"
      selectedLauncherIdentifier = "Xcode.DebuggerFoundation.Launcher.LLDB"
      launchStyle = "0"
      useCustomWorkingDirectory = "NO"
      ignoresPersistentStateOnLaunch = "NO"
      debugDocumentVersioning = "YES"
      debugServiceExtension = "internal"
      allowLocationSimulation = "YES"
      viewDebuggingEnabled = "No">
      <PathRunnable
         runnableDebuggingMode = "0"
         FilePath = "/Users/lafMBAir/Library/Developer/Xcode/DerivedData/wigbCLITool-dlvnniqcwdgtrofnarvqqsehijxh/Build/Products/Debug/wigbCLITool">
      </PathRunnable>
      <MacroExpansion>
         <BuildableReference
            BuildableIdentifier = "primary"
            BlueprintIdentifier = "83D362682CACC48D002E909A"
            BuildableName = "igbTool"
            BlueprintName = "wigbCLITool"
            ReferencedContainer = "container:wigbCLITool.xcodeproj">
         </BuildableReference>
      </MacroExpansion>
      <CommandLineArguments>
         <CommandLineArgument
            argument = "-p"
            isEnabled = "NO">
         </CommandLineArgument>
         <CommandLineArgument
            argument = "-A"
            isEnabled = "NO">
         </CommandLineArgument>
         <CommandLineArgument
            argument = "-c Foo,Bar"
            isEnabled = "NO">
         </CommandLineArgument>
         <CommandLineArgument
            argument = "-f 2"
            isEnabled = "YES">
         </CommandLineArgument>
         <CommandLineArgument
            argument = "-f0"
            isEnabled = "NO">
         </CommandLineArgument>
         <CommandLineArgument
            argument = "-f 1"
            isEnabled = "NO">
         </CommandLineArgument>
         <CommandLineArgument
            argument = "-d"
            isEnabled = "NO">
         </CommandLineArgument>
         <CommandLineArgument
            argument = "-d"
            isEnabled = "NO">
         </CommandLineArgument>
         <CommandLineArgument
            argument = "-a"
            isEnabled = "NO">
         </CommandLineArgument>
         <CommandLineArgument
            argument = "-Automator"
            isEnabled = "NO">
         </CommandLineArgument>
         <CommandLineArgument
            argument = "-Automater"
            isEnabled = "NO">
         </CommandLineArgument>
         <CommandLineArgument
            argument = "-c &quot;Miles Davis&quot;"
            isEnabled = "NO">
         </CommandLineArgument>
         <CommandLineArgument
            argument = "/Users/Shared/MyRoot/temp/temp/igb/BorgoBookcopy.txt"
            isEnabled = "YES">
         </CommandLineArgument>
         <CommandLineArgument
            argument = "&quot;/Users/Shared/MyRoot/temp/temp/igb/BorgoBookcopy copy.txt&quot;"
            isEnabled = "NO">
         </CommandLineArgument>
         <CommandLineArgument
            argument = "/Users/Shared/MyRoot/temp/temp/igb/expBB.txt"
            isEnabled = "NO">
         </CommandLineArgument>
         <CommandLineArgument
            argument = "/Users/Shared/MyRoot/temp/temp/igb/nopagen.txt"
            isEnabled = "NO">
         </CommandLineArgument>
         <CommandLineArgument
            argument = "/Users/Shared/MyRoot/temp/temp/igb/noauth.txt"
            isEnabled = "NO">
         </CommandLineArgument>
         <CommandLineArgument
            argument = "/Users/Shared/MyRoot/temp/temp/igb/neither.txt"
            isEnabled = "NO">
         </CommandLineArgument>
         <CommandLineArgument
            argument = "/Users/Shared/MyRoot/temp/temp/igb/nothing.txt"
            isEnabled = "NO">
         </CommandLineArgument>
         <CommandLineArgument
            argument = "2"
            isEnabled = "NO">
         </CommandLineArgument>
      </CommandLineArguments>
      <AdditionalOptions>
         <AdditionalOption
            key = "APP_DISTRIBUTOR_ID_OVERRIDE"
            value = "com.apple.AppStore"
            isEnabled = "YES">
         </AdditionalOption>
      </AdditionalOptions>
      <LocationScenarioReference
         identifier = "com.apple.dt.IDEFoundation.CurrentLocationScenarioIdentifier"
         referenceType = "1">
      </LocationScenarioReference>
   </LaunchAction>
   <ProfileAction
      buildConfiguration = "Release"
      shouldUseLaunchSchemeArgsEnv = "YES"
      savedToolIdentifier = ""
      useCustomWorkingDirectory = "NO"
      debugDocumentVersioning = "YES">
      <BuildableProductRunnable
         runnableDebuggingMode = "0">
         <BuildableReference
            BuildableIdentifier = "primary"
            BlueprintIdentifier = "83D362682CACC48D002E909A"
            BuildableName = "igbTool"
            BlueprintName = "wigbCLITool"
            ReferencedContainer = "container:wigbCLITool.xcodeproj">
         </BuildableReference>
      </BuildableProductRunnable>
   </ProfileAction>
   <AnalyzeAction
      buildConfiguration = "Debug">
   </AnalyzeAction>
   <ArchiveAction
      buildConfiguration = "Release"
      revealArchiveInOrganizer = "YES">
   </ArchiveAction>
</Scheme>
